
Microsoft Visual Studio Solution File, Format Version 12.00
# Visual Studio Version 17
VisualStudioVersion = 17.4.33122.133
MinimumVisualStudioVersion = 10.0.40219.1
Project("{9A19103F-16F7-4668-BE54-9A1E7A4F7556}") = "FunctionalBL", "FunctionalBL\FunctionalBL.csproj", "{F506F498-2E2B-4AF5-B284-006A34440139}"
EndProject
Project("{9A19103F-16F7-4668-BE54-9A1E7A4F7556}") = "ProjectTest", "ProjectTest\ProjectTest.csproj", "{595CD775-6119-408B-93FA-9CF85412118E}"
EndProject
Project("{FAE04EC0-301F-11D3-BF4B-00C04F79EFBC}") = "ConsoleAppToRunTest", "ConsoleAppToRunTest\ConsoleAppToRunTest.csproj", "{7DEBB26A-8104-4F0F-B45B-44C13EDB9EE7}"
EndProject
Global
	GlobalSection(SolutionConfigurationPlatforms) = preSolution
		Debug|Any CPU = Debug|Any CPU
		Release|Any CPU = Release|Any CPU
	EndGlobalSection
	GlobalSection(ProjectConfigurationPlatforms) = postSolution
		{F506F498-2E2B-4AF5-B284-006A34440139}.Debug|Any CPU.ActiveCfg = Debug|Any CPU
		{F506F498-2E2B-4AF5-B284-006A34440139}.Debug|Any CPU.Build.0 = Debug|Any CPU
		{F506F498-2E2B-4AF5-B284-006A34440139}.Release|Any CPU.ActiveCfg = Release|Any CPU
		{F506F498-2E2B-4AF5-B284-006A34440139}.Release|Any CPU.Build.0 = Release|Any CPU
		{595CD775-6119-408B-93FA-9CF85412118E}.Debug|Any CPU.ActiveCfg = Debug|Any CPU
		{595CD775-6119-408B-93FA-9CF85412118E}.Debug|Any CPU.Build.0 = Debug|Any CPU
		{595CD775-6119-408B-93FA-9CF85412118E}.Release|Any CPU.ActiveCfg = Release|Any CPU
		{595CD775-6119-408B-93FA-9CF85412118E}.Release|Any CPU.Build.0 = Release|Any CPU
		{7DEBB26A-8104-4F0F-B45B-44C13EDB9EE7}.Debug|Any CPU.ActiveCfg = Debug|Any CPU
		{7DEBB26A-8104-4F0F-B45B-44C13EDB9EE7}.Debug|Any CPU.Build.0 = Debug|Any CPU
		{7DEBB26A-8104-4F0F-B45B-44C13EDB9EE7}.Release|Any CPU.ActiveCfg = Release|Any CPU
		{7DEBB26A-8104-4F0F-B45B-44C13EDB9EE7}.Release|Any CPU.Build.0 = Release|Any CPU
	EndGlobalSection
	GlobalSection(SolutionProperties) = preSolution
		HideSolutionNode = FALSE
	EndGlobalSection
	GlobalSection(ExtensibilityGlobals) = postSolution
		SolutionGuid = {1417CF75-1A75-431A-AC87-F5E00AAF2EDF}
	EndGlobalSection
EndGlobal
